<Solution>
  <Project Path="src/Atv/Atv.csproj" />
  <Project Path="src/Atv.IconRendering/Atv.IconRendering.csproj" />
  <Project Path="tests/Atv.LogicTests/Atv.LogicTests.csproj" />
  <Project Path="tests/Atv.AdapterTests/Atv.AdapterTests.csproj" />
  <Project Path="tests/Atv.IconRendering.Tests/Atv.IconRendering.Tests.csproj" />
  <Project Path="tools/Atv.TestIdentityTool/Atv.TestIdentityTool.csproj" />
  <Project Path="tools/host-event-recorder/HostEventRecorder.csproj" />
  <Project Path="tests/HostEventRecorder.Tests/HostEventRecorder.Tests.csproj" />
</Solution>
